
Microsoft Visual Studio Solution File, Format Version 12.00
# Visual Studio Version 17
VisualStudioVersion = 17.14.36511.14 d17.14
MinimumVisualStudioVersion = 10.0.40219.1
Project("{FAE04EC0-301F-11D3-BF4B-00C04F79EFBC}") = "WebApplication_React", "WebApplication_React\WebApplication_React.csproj", "{1835B791-D907-422E-8904-618A4301AF23}"
EndProject
Global
	GlobalSection(SolutionConfigurationPlatforms) = preSolution
		Debug|Any CPU = Debug|Any CPU
		Release|Any CPU = Release|Any CPU
	EndGlobalSection
	GlobalSection(ProjectConfigurationPlatforms) = postSolution
		{1835B791-D907-422E-8904-618A4301AF23}.Debug|Any CPU.ActiveCfg = Debug|Any CPU
		{1835B791-D907-422E-8904-618A4301AF23}.Debug|Any CPU.Build.0 = Debug|Any CPU
		{1835B791-D907-422E-8904-618A4301AF23}.Release|Any CPU.ActiveCfg = Release|Any CPU
		{1835B791-D907-422E-8904-618A4301AF23}.Release|Any CPU.Build.0 = Release|Any CPU
	EndGlobalSection
	GlobalSection(SolutionProperties) = preSolution
		HideSolutionNode = FALSE
	EndGlobalSection
	GlobalSection(ExtensibilityGlobals) = postSolution
		SolutionGuid = {9B2C3159-A355-423C-ACC3-DC9D8FC0898A}
	EndGlobalSection
EndGlobal
